
Microsoft Visual Studio Solution File, Format Version 12.00
# Visual Studio 2012
Project("{FAE04EC0-301F-11D3-BF4B-00C04F79EFBC}") = "Pixonic.MsgPack.Generator", "MsgPackGenerator\Pixonic.MsgPack.Generator.csproj", "{FE296C84-6298-4AFB-B7A1-D9A029B4F5F8}"
EndProject
Project("{FAE04EC0-301F-11D3-BF4B-00C04F79EFBC}") = "Pixonic.MsgPack.Runtime", "MsgPack.Runtime\Pixonic.MsgPack.Runtime.csproj", "{190D052C-C1D1-4093-8C70-ABC72DEC5B7E}"
EndProject
Project("{FAE04EC0-301F-11D3-BF4B-00C04F79EFBC}") = "Pixonic.MsgPack.Runtime.Tests", "MsgPack.Runtime.Tests\Pixonic.MsgPack.Runtime.Tests.csproj", "{B1064118-062E-428E-A259-758D1226ED16}"
EndProject
Global
	GlobalSection(SolutionConfigurationPlatforms) = preSolution
		Debug|Any CPU = Debug|Any CPU
		Release|Any CPU = Release|Any CPU
	EndGlobalSection
	GlobalSection(ProjectConfigurationPlatforms) = postSolution
		{FE296C84-6298-4AFB-B7A1-D9A029B4F5F8}.Debug|Any CPU.ActiveCfg = Debug|Any CPU
		{FE296C84-6298-4AFB-B7A1-D9A029B4F5F8}.Debug|Any CPU.Build.0 = Debug|Any CPU
		{FE296C84-6298-4AFB-B7A1-D9A029B4F5F8}.Release|Any CPU.ActiveCfg = Release|Any CPU
		{FE296C84-6298-4AFB-B7A1-D9A029B4F5F8}.Release|Any CPU.Build.0 = Release|Any CPU
		{190D052C-C1D1-4093-8C70-ABC72DEC5B7E}.Debug|Any CPU.ActiveCfg = Debug|Any CPU
		{190D052C-C1D1-4093-8C70-ABC72DEC5B7E}.Debug|Any CPU.Build.0 = Debug|Any CPU
		{190D052C-C1D1-4093-8C70-ABC72DEC5B7E}.Release|Any CPU.ActiveCfg = Release|Any CPU
		{190D052C-C1D1-4093-8C70-ABC72DEC5B7E}.Release|Any CPU.Build.0 = Release|Any CPU
		{B1064118-062E-428E-A259-758D1226ED16}.Debug|Any CPU.ActiveCfg = Debug|Any CPU
		{B1064118-062E-428E-A259-758D1226ED16}.Debug|Any CPU.Build.0 = Debug|Any CPU
		{B1064118-062E-428E-A259-758D1226ED16}.Release|Any CPU.ActiveCfg = Release|Any CPU
		{B1064118-062E-428E-A259-758D1226ED16}.Release|Any CPU.Build.0 = Release|Any CPU
	EndGlobalSection
EndGlobal
